// !$*UTF8*$!
{
	archiveVersion = 1;
	classes = {
	};
	objectVersion = 48;
	objects = {

/* Begin PBXBuildFile section */
		C0BF5C8F1EE95051003E7725 /* AppDelegate.swift in Sources */ = {isa = PBXBuildFile; fileRef = C0BF5C8E1EE95051003E7725 /* AppDelegate.swift */; };
		C0BF5C911EE95051003E7725 /* GameViewController.swift in Sources */ = {isa = PBXBuildFile; fileRef = C0BF5C901EE95051003E7725 /* GameViewController.swift */; };
		C0BF5C931EE95051003E7725 /* Shaders.metal in Sources */ = {isa = PBXBuildFile; fileRef = C0BF5C921EE95051003E7725 /* Shaders.metal */; };
		C0BF5C961EE95051003E7725 /* Main.storyboard in Resources */ = {isa = PBXBuildFile; fileRef = C0BF5C941EE95051003E7725 /* Main.storyboard */; };
		C0BF5C981EE95051003E7725 /* Assets.xcassets in Resources */ = {isa = PBXBuildFile; fileRef = C0BF5C971EE95051003E7725 /* Assets.xcassets */; };
		C0BF5C9B1EE95051003E7725 /* LaunchScreen.storyboard in Resources */ = {isa = PBXBuildFile; fileRef = C0BF5C991EE95051003E7725 /* LaunchScreen.storyboard */; };
/* End PBXBuildFile section */

/* Begin PBXFileReference section */
		C0BF5C8B1EE95051003E7725 /* Devices-CommandsSwift.app */ = {isa = PBXFileReference; explicitFileType = wrapper.application; includeInIndex = 0; path = "Devices-CommandsSwift.app"; sourceTree = BUILT_PRODUCTS_DIR; };
		C0BF5C8E1EE95051003E7725 /* AppDelegate.swift */ = {isa = PBXFileReference; lastKnownFileType = sourcecode.swift; path = AppDelegate.swift; sourceTree = "<group>"; };
		C0BF5C901EE95051003E7725 /* GameViewController.swift */ = {isa = PBXFileReference; lastKnownFileType = sourcecode.swift; path = GameViewController.swift; sourceTree = "<group>"; };
		C0BF5C921EE95051003E7725 /* Shaders.metal */ = {isa = PBXFileReference; lastKnownFileType = sourcecode.metal; path = Shaders.metal; sourceTree = "<group>"; };
		C0BF5C951EE95051003E7725 /* Base */ = {isa = PBXFileReference; lastKnownFileType = file.storyboard; name = Base; path = Base.lproj/Main.storyboard; sourceTree = "<group>"; };
		C0BF5C971EE95051003E7725 /* Assets.xcassets */ = {isa = PBXFileReference; lastKnownFileType = folder.assetcatalog; path = Assets.xcassets; sourceTree = "<group>"; };
		C0BF5C9A1EE95051003E7725 /* Base */ = {isa = PBXFileReference; lastKnownFileType = file.storyboard; name = Base; path = Base.lproj/LaunchScreen.storyboard; sourceTree = "<group>"; };
		C0BF5C9C1EE95051003E7725 /* Info.plist */ = {isa = PBXFileReference; lastKnownFileType = text.plist.xml; path = Info.plist; sourceTree = "<group>"; };
/* End PBXFileReference section */

/* Begin PBXFrameworksBuildPhase section */
		C0BF5C881EE95051003E7725 /* Frameworks */ = {
			isa = PBXFrameworksBuildPhase;
			buildActionMask = 2147483647;
			files = (
			);
			runOnlyForDeploymentPostprocessing = 0;
		};
/* End PBXFrameworksBuildPhase section */

/* Begin PBXGroup section */
		C0BF5C821EE95051003E7725 = {
			isa = PBXGroup;
			children = (
				C0BF5C8D1EE95051003E7725 /* Devices-CommandsSwift */,
				C0BF5C8C1EE95051003E7725 /* Products */,
			);
			sourceTree = "<group>";
		};
		C0BF5C8C1EE95051003E7725 /* Products */ = {
			isa = PBXGroup;
			children = (
				C0BF5C8B1EE95051003E7725 /* Devices-CommandsSwift.app */,
			);
			name = Products;
			sourceTree = "<group>";
		};
		C0BF5C8D1EE95051003E7725 /* Devices-CommandsSwift */ = {
			isa = PBXGroup;
			children = (
				C0BF5C8E1EE95051003E7725 /* AppDelegate.swift */,
				C0BF5C901EE95051003E7725 /* GameViewController.swift */,
				C0BF5C921EE95051003E7725 /* Shaders.metal */,
				C0BF5C941EE95051003E7725 /* Main.storyboard */,
				C0BF5C971EE95051003E7725 /* Assets.xcassets */,
				C0BF5C991EE95051003E7725 /* LaunchScreen.storyboard */,
				C0BF5C9C1EE95051003E7725 /* Info.plist */,
			);
			path = "Devices-CommandsSwift";
			sourceTree = "<group>";
		};
/* End PBXGroup section */

/* Begin PBXNativeTarget section */
		C0BF5C8A1EE95051003E7725 /* Devices-CommandsSwift */ = {
			isa = PBXNativeTarget;
			buildConfigurationList = C0BF5C9F1EE95051003E7725 /* Build configuration list for PBXNativeTarget "Devices-CommandsSwift" */;
			buildPhases = (
				C0BF5C871EE95051003E7725 /* Sources */,
				C0BF5C881EE95051003E7725 /* Frameworks */,
				C0BF5C891EE95051003E7725 /* Resources */,
			);
			buildRules = (
			);
			dependencies = (
			);
			name = "Devices-CommandsSwift";
			productName = "Devices-CommandsSwift";
			productReference = C0BF5C8B1EE95051003E7725 /* Devices-CommandsSwift.app */;
			productType = "com.apple.product-type.application";
		};
/* End PBXNativeTarget section */

/* Begin PBXProject section */
		C0BF5C831EE95051003E7725 /* Project object */ = {
			isa = PBXProject;
			attributes = {
				LastSwiftUpdateCheck = 0900;
				LastUpgradeCheck = 0900;
				ORGANIZATIONNAME = "Guillaume Sabatie";
				TargetAttributes = {
					C0BF5C8A1EE95051003E7725 = {
						CreatedOnToolsVersion = 9.0;
					};
				};
			};
			buildConfigurationList = C0BF5C861EE95051003E7725 /* Build configuration list for PBXProject "Devices-CommandsSwift" */;
			compatibilityVersion = "Xcode 8.0";
			developmentRegion = en;
			hasScannedForEncodings = 0;
			knownRegions = (
				en,
				Base,
			);
			mainGroup = C0BF5C821EE95051003E7725;
			productRefGroup = C0BF5C8C1EE95051003E7725 /* Products */;
			projectDirPath = "";
			projectRoot = "";
			targets = (
				C0BF5C8A1EE95051003E7725 /* Devices-CommandsSwift */,
			);
		};
/* End PBXProject section */

/* Begin PBXResourcesBuildPhase section */
		C0BF5C891EE95051003E7725 /* Resources */ = {
			isa = PBXResourcesBuildPhase;
			buildActionMask = 2147483647;
			files = (
				C0BF5C9B1EE95051003E7725 /* LaunchScreen.storyboard in Resources */,
				C0BF5C981EE95051003E7725 /* Assets.xcassets in Resources */,
				C0BF5C961EE95051003E7725 /* Main.storyboard in Resources */,
			);
			runOnlyForDeploymentPostprocessing = 0;
		};
/* End PBXResourcesBuildPhase section */

/* Begin PBXSourcesBuildPhase section */
		C0BF5C871EE95051003E7725 /* Sources */ = {
			isa = PBXSourcesBuildPhase;
			buildActionMask = 2147483647;
			files = (
				C0BF5C931EE95051003E7725 /* Shaders.metal in Sources */,
				C0BF5C911EE95051003E7725 /* GameViewController.swift in Sources */,
				C0BF5C8F1EE95051003E7725 /* AppDelegate.swift in Sources */,
			);
			runOnlyForDeploymentPostprocessing = 0;
		};
/* End PBXSourcesBuildPhase section */

/* Begin PBXVariantGroup section */
		C0BF5C941EE95051003E7725 /* Main.storyboard */ = {
			isa = PBXVariantGroup;
			children = (
				C0BF5C951EE95051003E7725 /* Base */,
			);
			name = Main.storyboard;
			sourceTree = "<group>";
		};
		C0BF5C991EE95051003E7725 /* LaunchScreen.storyboard */ = {
			isa = PBXVariantGroup;
			children = (
				C0BF5C9A1EE95051003E7725 /* Base */,
			);
			name = LaunchScreen.storyboard;
			sourceTree = "<group>";
		};
/* End PBXVariantGroup section */

/* Begin XCBuildConfiguration section */
		C0BF5C9D1EE95051003E7725 /* Debug */ = {
			isa = XCBuildConfiguration;
			buildSettings = {
				ALWAYS_SEARCH_USER_PATHS = NO;
				CLANG_ANALYZER_NONNULL = YES;
				CLANG_ANALYZER_NUMBER_OBJECT_CONVERSION = YES_AGGRESSIVE;
				CLANG_CXX_LANGUAGE_STANDARD = "gnu++14";
				CLANG_CXX_LIBRARY = "libc++";
				CLANG_ENABLE_MODULES = YES;
				CLANG_ENABLE_OBJC_ARC = YES;
				CLANG_WARN_BLOCK_CAPTURE_AUTORELEASING = YES;
				CLANG_WARN_BOOL_CONVERSION = YES;
				CLANG_WARN_COMMA = YES;
				CLANG_WARN_CONSTANT_CONVERSION = YES;
				CLANG_WARN_DIRECT_OBJC_ISA_USAGE = YES_ERROR;
				CLANG_WARN_DOCUMENTATION_COMMENTS = YES;
				CLANG_WARN_EMPTY_BODY = YES;
				CLANG_WARN_ENUM_CONVERSION = YES;
				CLANG_WARN_INFINITE_RECURSION = YES;
				CLANG_WARN_INT_CONVERSION = YES;
				CLANG_WARN_OBJC_ROOT_CLASS = YES_ERROR;
				CLANG_WARN_RANGE_LOOP_ANALYSIS = YES;
				CLANG_WARN_STRICT_PROTOTYPES = YES;
				CLANG_WARN_SUSPICIOUS_MOVE = YES;
				CLANG_WARN_UNGUARDED_AVAILABILITY = YES_AGGRESSIVE;
				CLANG_WARN_UNREACHABLE_CODE = YES;
				CLANG_WARN__DUPLICATE_METHOD_MATCH = YES;
				CODE_SIGN_IDENTITY = "iPhone Developer";
				COPY_PHASE_STRIP = NO;
				DEBUG_INFORMATION_FORMAT = dwarf;
				ENABLE_STRICT_OBJC_MSGSEND = YES;
				ENABLE_TESTABILITY = YES;
				GCC_C_LANGUAGE_STANDARD = gnu11;
				GCC_DYNAMIC_NO_PIC = NO;
				GCC_NO_COMMON_BLOCKS = YES;
				GCC_OPTIMIZATION_LEVEL = 0;
				GCC_PREPROCESSOR_DEFINITIONS = (
					"DEBUG=1",
					"$(inherited)",
				);
				GCC_WARN_64_TO_32_BIT_CONVERSION = YES;
				GCC_WARN_ABOUT_RETURN_TYPE = YES_ERROR;
				GCC_WARN_UNDECLARED_SELECTOR = YES;
				GCC_WARN_UNINITIALIZED_AUTOS = YES_AGGRESSIVE;
				GCC_WARN_UNUSED_FUNCTION = YES;
				GCC_WARN_UNUSED_VARIABLE = YES;
				IPHONEOS_DEPLOYMENT_TARGET = 11.0;
				MTL_ENABLE_DEBUG_INFO = YES;
				ONLY_ACTIVE_ARCH = YES;
				SDKROOT = iphoneos;
				SWIFT_ACTIVE_COMPILATION_CONDITIONS = DEBUG;
				SWIFT_OPTIMIZATION_LEVEL = "-Onone";
			};
			name = Debug;
		};
		C0BF5C9E1EE95051003E7725 /* Release */ = {
			isa = XCBuildConfiguration;
			buildSettings = {
				ALWAYS_SEARCH_USER_PATHS = NO;
				CLANG_ANALYZER_NONNULL = YES;
				CLANG_ANALYZER_NUMBER_OBJECT_CONVERSION = YES_AGGRESSIVE;
				CLANG_CXX_LANGUAGE_STANDARD = "gnu++14";
				CLANG_CXX_LIBRARY = "libc++";
				CLANG_ENABLE_MODULES = YES;
				CLANG_ENABLE_OBJC_ARC = YES;
				CLANG_WARN_BLOCK_CAPTURE_AUTORELEASING = YES;
				CLANG_WARN_BOOL_CONVERSION = YES;
				CLANG_WARN_COMMA = YES;
				CLANG_WARN_CONSTANT_CONVERSION = YES;
				CLANG_WARN_DIRECT_OBJC_ISA_USAGE = YES_ERROR;
				CLANG_WARN_DOCUMENTATION_COMMENTS = YES;
				CLANG_WARN_EMPTY_BODY = YES;
				CLANG_WARN_ENUM_CONVERSION = YES;
				CLANG_WARN_INFINITE_RECURSION = YES;
				CLANG_WARN_INT_CONVERSION = YES;
				CLANG_WARN_OBJC_ROOT_CLASS = YES_ERROR;
				CLANG_WARN_RANGE_LOOP_ANALYSIS = YES;
				CLANG_WARN_STRICT_PROTOTYPES = YES;
				CLANG_WARN_SUSPICIOUS_MOVE = YES;
				CLANG_WARN_UNGUARDED_AVAILABILITY = YES_AGGRESSIVE;
				CLANG_WARN_UNREACHABLE_CODE = YES;
				CLANG_WARN__DUPLICATE_METHOD_MATCH = YES;
				CODE_SIGN_IDENTITY = "iPhone Developer";
				COPY_PHASE_STRIP = NO;
				DEBUG_INFORMATION_FORMAT = "dwarf-with-dsym";
				ENABLE_NS_ASSERTIONS = NO;
				ENABLE_STRICT_OBJC_MSGSEND = YES;
				GCC_C_LANGUAGE_STANDARD = gnu11;
				GCC_NO_COMMON_BLOCKS = YES;
				GCC_WARN_64_TO_32_BIT_CONVERSION = YES;
				GCC_WARN_ABOUT_RETURN_TYPE = YES_ERROR;
				GCC_WARN_UNDECLARED_SELECTOR = YES;
				GCC_WARN_UNINITIALIZED_AUTOS = YES_AGGRESSIVE;
				GCC_WARN_UNUSED_FUNCTION = YES;
				GCC_WARN_UNUSED_VARIABLE = YES;
				IPHONEOS_DEPLOYMENT_TARGET = 11.0;
				MTL_ENABLE_DEBUG_INFO = NO;
				SDKROOT = iphoneos;
				SWIFT_OPTIMIZATION_LEVEL = "-Owholemodule";
				VALIDATE_PRODUCT = YES;
			};
			name = Release;
		};
		C0BF5CA01EE95051003E7725 /* Debug */ = {
			isa = XCBuildConfiguration;
			buildSettings = {
				ASSETCATALOG_COMPILER_APPICON_NAME = AppIcon;
				DEVELOPMENT_TEAM = WGQV3YPMH6;
				INFOPLIST_FILE = "Devices-CommandsSwift/Info.plist";
				LD_RUNPATH_SEARCH_PATHS = "$(inherited) @executable_path/Frameworks";
				PRODUCT_BUNDLE_IDENTIFIER = "com.GuillaumeSabatie.Devices-CommandsSwift";
				PRODUCT_NAME = "$(TARGET_NAME)";
				SWIFT_VERSION = 4.0;
				TARGETED_DEVICE_FAMILY = "1,2";
			};
			name = Debug;
		};
		C0BF5CA11EE95051003E7725 /* Release */ = {
			isa = XCBuildConfiguration;
			buildSettings = {
				ASSETCATALOG_COMPILER_APPICON_NAME = AppIcon;
				DEVELOPMENT_TEAM = WGQV3YPMH6;
				INFOPLIST_FILE = "Devices-CommandsSwift/Info.plist";
				LD_RUNPATH_SEARCH_PATHS = "$(inherited) @executable_path/Frameworks";
				PRODUCT_BUNDLE_IDENTIFIER = "com.GuillaumeSabatie.Devices-CommandsSwift";
				PRODUCT_NAME = "$(TARGET_NAME)";
				SWIFT_VERSION = 4.0;
				TARGETED_DEVICE_FAMILY = "1,2";
			};
			name = Release;
		};
/* End XCBuildConfiguration section */

/* Begin XCConfigurationList section */
		C0BF5C861EE95051003E7725 /* Build configuration list for PBXProject "Devices-CommandsSwift" */ = {
			isa = XCConfigurationList;
			buildConfigurations = (
				C0BF5C9D1EE95051003E7725 /* Debug */,
				C0BF5C9E1EE95051003E7725 /* Release */,
			);
			defaultConfigurationIsVisible = 0;
			defaultConfigurationName = Release;
		};
		C0BF5C9F1EE95051003E7725 /* Build configuration list for PBXNativeTarget "Devices-CommandsSwift" */ = {
			isa = XCConfigurationList;
			buildConfigurations = (
				C0BF5CA01EE95051003E7725 /* Debug */,
				C0BF5CA11EE95051003E7725 /* Release */,
			);
			defaultConfigurationIsVisible = 0;
		};
/* End XCConfigurationList section */
	};
	rootObject = C0BF5C831EE95051003E7725 /* Project object */;
}
